
Microsoft Visual Studio Solution File, Format Version 12.00
# Visual Studio Version 16
VisualStudioVersion = 16.0.30611.23
MinimumVisualStudioVersion = 10.0.40219.1
Project("{FAE04EC0-301F-11D3-BF4B-00C04F79EFBC}") = "Lesson 29.11.2020", "Lesson 29.11.2020.csproj", "{74E0EE6A-0194-4533-9BA8-0C3BB7C480E8}"
EndProject
Global
	GlobalSection(SolutionConfigurationPlatforms) = preSolution
		Debug|Any CPU = Debug|Any CPU
		Release|Any CPU = Release|Any CPU
	EndGlobalSection
	GlobalSection(ProjectConfigurationPlatforms) = postSolution
		{74E0EE6A-0194-4533-9BA8-0C3BB7C480E8}.Debug|Any CPU.ActiveCfg = Debug|Any CPU
		{74E0EE6A-0194-4533-9BA8-0C3BB7C480E8}.Debug|Any CPU.Build.0 = Debug|Any CPU
		{74E0EE6A-0194-4533-9BA8-0C3BB7C480E8}.Release|Any CPU.ActiveCfg = Release|Any CPU
		{74E0EE6A-0194-4533-9BA8-0C3BB7C480E8}.Release|Any CPU.Build.0 = Release|Any CPU
	EndGlobalSection
	GlobalSection(SolutionProperties) = preSolution
		HideSolutionNode = FALSE
	EndGlobalSection
	GlobalSection(ExtensibilityGlobals) = postSolution
		SolutionGuid = {F9776AD8-B0A5-4C39-B752-6FA0F2E22C39}
	EndGlobalSection
EndGlobal
